// !$*UTF8*$!
{
	archiveVersion = 1;
	classes = {
	};
	objectVersion = 50;
	objects = {

/* Begin PBXBuildFile section */
		972594322361A01D005DD368 /* AppDelegate.swift in Sources */ = {isa = PBXBuildFile; fileRef = 972594312361A01D005DD368 /* AppDelegate.swift */; };
		972594342361A01D005DD368 /* SceneDelegate.swift in Sources */ = {isa = PBXBuildFile; fileRef = 972594332361A01D005DD368 /* SceneDelegate.swift */; };
		972594362361A01D005DD368 /* ViewController.swift in Sources */ = {isa = PBXBuildFile; fileRef = 972594352361A01D005DD368 /* ViewController.swift */; };
		972594392361A01D005DD368 /* Main.storyboard in Resources */ = {isa = PBXBuildFile; fileRef = 972594372361A01D005DD368 /* Main.storyboard */; };
		9725943B2361A032005DD368 /* Assets.xcassets in Resources */ = {isa = PBXBuildFile; fileRef = 9725943A2361A032005DD368 /* Assets.xcassets */; };
		9725943E2361A032005DD368 /* LaunchScreen.storyboard in Resources */ = {isa = PBXBuildFile; fileRef = 9725943C2361A032005DD368 /* LaunchScreen.storyboard */; };
		972594492361A033005DD368 /* Traffic_LightTests.swift in Sources */ = {isa = PBXBuildFile; fileRef = 972594482361A033005DD368 /* Traffic_LightTests.swift */; };
		972594542361A033005DD368 /* Traffic_LightUITests.swift in Sources */ = {isa = PBXBuildFile; fileRef = 972594532361A033005DD368 /* Traffic_LightUITests.swift */; };
/* End PBXBuildFile section */

/* Begin PBXContainerItemProxy section */
		972594452361A033005DD368 /* PBXContainerItemProxy */ = {
			isa = PBXContainerItemProxy;
			containerPortal = 972594262361A01C005DD368 /* Project object */;
			proxyType = 1;
			remoteGlobalIDString = 9725942D2361A01C005DD368;
			remoteInfo = "Traffic Light";
		};
		972594502361A033005DD368 /* PBXContainerItemProxy */ = {
			isa = PBXContainerItemProxy;
			containerPortal = 972594262361A01C005DD368 /* Project object */;
			proxyType = 1;
			remoteGlobalIDString = 9725942D2361A01C005DD368;
			remoteInfo = "Traffic Light";
		};
/* End PBXContainerItemProxy section */

/* Begin PBXFileReference section */
		9725942E2361A01D005DD368 /* Traffic Light.app */ = {isa = PBXFileReference; explicitFileType = wrapper.application; includeInIndex = 0; path = "Traffic Light.app"; sourceTree = BUILT_PRODUCTS_DIR; };
		972594312361A01D005DD368 /* AppDelegate.swift */ = {isa = PBXFileReference; lastKnownFileType = sourcecode.swift; path = AppDelegate.swift; sourceTree = "<group>"; };
		972594332361A01D005DD368 /* SceneDelegate.swift */ = {isa = PBXFileReference; lastKnownFileType = sourcecode.swift; path = SceneDelegate.swift; sourceTree = "<group>"; };
		972594352361A01D005DD368 /* ViewController.swift */ = {isa = PBXFileReference; lastKnownFileType = sourcecode.swift; path = ViewController.swift; sourceTree = "<group>"; };
		972594382361A01D005DD368 /* Base */ = {isa = PBXFileReference; lastKnownFileType = file.storyboard; name = Base; path = Base.lproj/Main.storyboard; sourceTree = "<group>"; };
		9725943A2361A032005DD368 /* Assets.xcassets */ = {isa = PBXFileReference; lastKnownFileType = folder.assetcatalog; path = Assets.xcassets; sourceTree = "<group>"; };
		9725943D2361A032005DD368 /* Base */ = {isa = PBXFileReference; lastKnownFileType = file.storyboard; name = Base; path = Base.lproj/LaunchScreen.storyboard; sourceTree = "<group>"; };
		9725943F2361A033005DD368 /* Info.plist */ = {isa = PBXFileReference; lastKnownFileType = text.plist.xml; path = Info.plist; sourceTree = "<group>"; };
		972594442361A033005DD368 /* Traffic LightTests.xctest */ = {isa = PBXFileReference; explicitFileType = wrapper.cfbundle; includeInIndex = 0; path = "Traffic LightTests.xctest"; sourceTree = BUILT_PRODUCTS_DIR; };
		972594482361A033005DD368 /* Traffic_LightTests.swift */ = {isa = PBXFileReference; lastKnownFileType = sourcecode.swift; path = Traffic_LightTests.swift; sourceTree = "<group>"; };
		9725944A2361A033005DD368 /* Info.plist */ = {isa = PBXFileReference; lastKnownFileType = text.plist.xml; path = Info.plist; sourceTree = "<group>"; };
		9725944F2361A033005DD368 /* Traffic LightUITests.xctest */ = {isa = PBXFileReference; explicitFileType = wrapper.cfbundle; includeInIndex = 0; path = "Traffic LightUITests.xctest"; sourceTree = BUILT_PRODUCTS_DIR; };
		972594532361A033005DD368 /* Traffic_LightUITests.swift */ = {isa = PBXFileReference; lastKnownFileType = sourcecode.swift; path = Traffic_LightUITests.swift; sourceTree = "<group>"; };
		972594552361A033005DD368 /* Info.plist */ = {isa = PBXFileReference; lastKnownFileType = text.plist.xml; path = Info.plist; sourceTree = "<group>"; };
/* End PBXFileReference section */

/* Begin PBXFrameworksBuildPhase section */
		9725942B2361A01C005DD368 /* Frameworks */ = {
			isa = PBXFrameworksBuildPhase;
			buildActionMask = 2147483647;
			files = (
			);
			runOnlyForDeploymentPostprocessing = 0;
		};
		972594412361A033005DD368 /* Frameworks */ = {
			isa = PBXFrameworksBuildPhase;
			buildActionMask = 2147483647;
			files = (
			);
			runOnlyForDeploymentPostprocessing = 0;
		};
		9725944C2361A033005DD368 /* Frameworks */ = {
			isa = PBXFrameworksBuildPhase;
			buildActionMask = 2147483647;
			files = (
			);
			runOnlyForDeploymentPostprocessing = 0;
		};
/* End PBXFrameworksBuildPhase section */

/* Begin PBXGroup section */
		972594252361A01C005DD368 = {
			isa = PBXGroup;
			children = (
				972594302361A01D005DD368 /* Traffic Light */,
				972594472361A033005DD368 /* Traffic LightTests */,
				972594522361A033005DD368 /* Traffic LightUITests */,
				9725942F2361A01D005DD368 /* Products */,
			);
			sourceTree = "<group>";
		};
		9725942F2361A01D005DD368 /* Products */ = {
			isa = PBXGroup;
			children = (
				9725942E2361A01D005DD368 /* Traffic Light.app */,
				972594442361A033005DD368 /* Traffic LightTests.xctest */,
				9725944F2361A033005DD368 /* Traffic LightUITests.xctest */,
			);
			name = Products;
			sourceTree = "<group>";
		};
		972594302361A01D005DD368 /* Traffic Light */ = {
			isa = PBXGroup;
			children = (
				972594312361A01D005DD368 /* AppDelegate.swift */,
				972594332361A01D005DD368 /* SceneDelegate.swift */,
				972594352361A01D005DD368 /* ViewController.swift */,
				972594372361A01D005DD368 /* Main.storyboard */,
				9725943A2361A032005DD368 /* Assets.xcassets */,
				9725943C2361A032005DD368 /* LaunchScreen.storyboard */,
				9725943F2361A033005DD368 /* Info.plist */,
			);
			path = "Traffic Light";
			sourceTree = "<group>";
		};
		972594472361A033005DD368 /* Traffic LightTests */ = {
			isa = PBXGroup;
			children = (
				972594482361A033005DD368 /* Traffic_LightTests.swift */,
				9725944A2361A033005DD368 /* Info.plist */,
			);
			path = "Traffic LightTests";
			sourceTree = "<group>";
		};
		972594522361A033005DD368 /* Traffic LightUITests */ = {
			isa = PBXGroup;
			children = (
				972594532361A033005DD368 /* Traffic_LightUITests.swift */,
				972594552361A033005DD368 /* Info.plist */,
			);
			path = "Traffic LightUITests";
			sourceTree = "<group>";
		};
/* End PBXGroup section */

/* Begin PBXNativeTarget section */
		9725942D2361A01C005DD368 /* Traffic Light */ = {
			isa = PBXNativeTarget;
			buildConfigurationList = 972594582361A033005DD368 /* Build configuration list for PBXNativeTarget "Traffic Light" */;
			buildPhases = (
				9725942A2361A01C005DD368 /* Sources */,
				9725942B2361A01C005DD368 /* Frameworks */,
				9725942C2361A01C005DD368 /* Resources */,
			);
			buildRules = (
			);
			dependencies = (
			);
			name = "Traffic Light";
			productName = "Traffic Light";
			productReference = 9725942E2361A01D005DD368 /* Traffic Light.app */;
			productType = "com.apple.product-type.application";
		};
		972594432361A033005DD368 /* Traffic LightTests */ = {
			isa = PBXNativeTarget;
			buildConfigurationList = 9725945B2361A033005DD368 /* Build configuration list for PBXNativeTarget "Traffic LightTests" */;
			buildPhases = (
				972594402361A033005DD368 /* Sources */,
				972594412361A033005DD368 /* Frameworks */,
				972594422361A033005DD368 /* Resources */,
			);
			buildRules = (
			);
			dependencies = (
				972594462361A033005DD368 /* PBXTargetDependency */,
			);
			name = "Traffic LightTests";
			productName = "Traffic LightTests";
			productReference = 972594442361A033005DD368 /* Traffic LightTests.xctest */;
			productType = "com.apple.product-type.bundle.unit-test";
		};
		9725944E2361A033005DD368 /* Traffic LightUITests */ = {
			isa = PBXNativeTarget;
			buildConfigurationList = 9725945E2361A033005DD368 /* Build configuration list for PBXNativeTarget "Traffic LightUITests" */;
			buildPhases = (
				9725944B2361A033005DD368 /* Sources */,
				9725944C2361A033005DD368 /* Frameworks */,
				9725944D2361A033005DD368 /* Resources */,
			);
			buildRules = (
			);
			dependencies = (
				972594512361A033005DD368 /* PBXTargetDependency */,
			);
			name = "Traffic LightUITests";
			productName = "Traffic LightUITests";
			productReference = 9725944F2361A033005DD368 /* Traffic LightUITests.xctest */;
			productType = "com.apple.product-type.bundle.ui-testing";
		};
/* End PBXNativeTarget section */

/* Begin PBXProject section */
		972594262361A01C005DD368 /* Project object */ = {
			isa = PBXProject;
			attributes = {
				LastSwiftUpdateCheck = 1100;
				LastUpgradeCheck = 1100;
				ORGANIZATIONNAME = "Muiz Ahmed Khan";
				TargetAttributes = {
					9725942D2361A01C005DD368 = {
						CreatedOnToolsVersion = 11.0;
					};
					972594432361A033005DD368 = {
						CreatedOnToolsVersion = 11.0;
						TestTargetID = 9725942D2361A01C005DD368;
					};
					9725944E2361A033005DD368 = {
						CreatedOnToolsVersion = 11.0;
						TestTargetID = 9725942D2361A01C005DD368;
					};
				};
			};
			buildConfigurationList = 972594292361A01C005DD368 /* Build configuration list for PBXProject "Traffic Light" */;
			compatibilityVersion = "Xcode 9.3";
			developmentRegion = en;
			hasScannedForEncodings = 0;
			knownRegions = (
				en,
				Base,
			);
			mainGroup = 972594252361A01C005DD368;
			productRefGroup = 9725942F2361A01D005DD368 /* Products */;
			projectDirPath = "";
			projectRoot = "";
			targets = (
				9725942D2361A01C005DD368 /* Traffic Light */,
				972594432361A033005DD368 /* Traffic LightTests */,
				9725944E2361A033005DD368 /* Traffic LightUITests */,
			);
		};
/* End PBXProject section */

/* Begin PBXResourcesBuildPhase section */
		9725942C2361A01C005DD368 /* Resources */ = {
			isa = PBXResourcesBuildPhase;
			buildActionMask = 2147483647;
			files = (
				9725943E2361A032005DD368 /* LaunchScreen.storyboard in Resources */,
				9725943B2361A032005DD368 /* Assets.xcassets in Resources */,
				972594392361A01D005DD368 /* Main.storyboard in Resources */,
			);
			runOnlyForDeploymentPostprocessing = 0;
		};
		972594422361A033005DD368 /* Resources */ = {
			isa = PBXResourcesBuildPhase;
			buildActionMask = 2147483647;
			files = (
			);
			runOnlyForDeploymentPostprocessing = 0;
		};
		9725944D2361A033005DD368 /* Resources */ = {
			isa = PBXResourcesBuildPhase;
			buildActionMask = 2147483647;
			files = (
			);
			runOnlyForDeploymentPostprocessing = 0;
		};
/* End PBXResourcesBuildPhase section */

/* Begin PBXSourcesBuildPhase section */
		9725942A2361A01C005DD368 /* Sources */ = {
			isa = PBXSourcesBuildPhase;
			buildActionMask = 2147483647;
			files = (
				972594362361A01D005DD368 /* ViewController.swift in Sources */,
				972594322361A01D005DD368 /* AppDelegate.swift in Sources */,
				972594342361A01D005DD368 /* SceneDelegate.swift in Sources */,
			);
			runOnlyForDeploymentPostprocessing = 0;
		};
		972594402361A033005DD368 /* Sources */ = {
			isa = PBXSourcesBuildPhase;
			buildActionMask = 2147483647;
			files = (
				972594492361A033005DD368 /* Traffic_LightTests.swift in Sources */,
			);
			runOnlyForDeploymentPostprocessing = 0;
		};
		9725944B2361A033005DD368 /* Sources */ = {
			isa = PBXSourcesBuildPhase;
			buildActionMask = 2147483647;
			files = (
				972594542361A033005DD368 /* Traffic_LightUITests.swift in Sources */,
			);
			runOnlyForDeploymentPostprocessing = 0;
		};
/* End PBXSourcesBuildPhase section */

/* Begin PBXTargetDependency section */
		972594462361A033005DD368 /* PBXTargetDependency */ = {
			isa = PBXTargetDependency;
			target = 9725942D2361A01C005DD368 /* Traffic Light */;
			targetProxy = 972594452361A033005DD368 /* PBXContainerItemProxy */;
		};
		972594512361A033005DD368 /* PBXTargetDependency */ = {
			isa = PBXTargetDependency;
			target = 9725942D2361A01C005DD368 /* Traffic Light */;
			targetProxy = 972594502361A033005DD368 /* PBXContainerItemProxy */;
		};
/* End PBXTargetDependency section */

/* Begin PBXVariantGroup section */
		972594372361A01D005DD368 /* Main.storyboard */ = {
			isa = PBXVariantGroup;
			children = (
				972594382361A01D005DD368 /* Base */,
			);
			name = Main.storyboard;
			sourceTree = "<group>";
		};
		9725943C2361A032005DD368 /* LaunchScreen.storyboard */ = {
			isa = PBXVariantGroup;
			children = (
				9725943D2361A032005DD368 /* Base */,
			);
			name = LaunchScreen.storyboard;
			sourceTree = "<group>";
		};
/* End PBXVariantGroup section */

/* Begin XCBuildConfiguration section */
		972594562361A033005DD368 /* Debug */ = {
			isa = XCBuildConfiguration;
			buildSettings = {
				ALWAYS_SEARCH_USER_PATHS = NO;
				CLANG_ANALYZER_NONNULL = YES;
				CLANG_ANALYZER_NUMBER_OBJECT_CONVERSION = YES_AGGRESSIVE;
				CLANG_CXX_LANGUAGE_STANDARD = "gnu++14";
				CLANG_CXX_LIBRARY = "libc++";
				CLANG_ENABLE_MODULES = YES;
				CLANG_ENABLE_OBJC_ARC = YES;
				CLANG_ENABLE_OBJC_WEAK = YES;
				CLANG_WARN_BLOCK_CAPTURE_AUTORELEASING = YES;
				CLANG_WARN_BOOL_CONVERSION = YES;
				CLANG_WARN_COMMA = YES;
				CLANG_WARN_CONSTANT_CONVERSION = YES;
				CLANG_WARN_DEPRECATED_OBJC_IMPLEMENTATIONS = YES;
				CLANG_WARN_DIRECT_OBJC_ISA_USAGE = YES_ERROR;
				CLANG_WARN_DOCUMENTATION_COMMENTS = YES;
				CLANG_WARN_EMPTY_BODY = YES;
				CLANG_WARN_ENUM_CONVERSION = YES;
				CLANG_WARN_INFINITE_RECURSION = YES;
				CLANG_WARN_INT_CONVERSION = YES;
				CLANG_WARN_NON_LITERAL_NULL_CONVERSION = YES;
				CLANG_WARN_OBJC_IMPLICIT_RETAIN_SELF = YES;
				CLANG_WARN_OBJC_LITERAL_CONVERSION = YES;
				CLANG_WARN_OBJC_ROOT_CLASS = YES_ERROR;
				CLANG_WARN_RANGE_LOOP_ANALYSIS = YES;
				CLANG_WARN_STRICT_PROTOTYPES = YES;
				CLANG_WARN_SUSPICIOUS_MOVE = YES;
				CLANG_WARN_UNGUARDED_AVAILABILITY = YES_AGGRESSIVE;
				CLANG_WARN_UNREACHABLE_CODE = YES;
				CLANG_WARN__DUPLICATE_METHOD_MATCH = YES;
				COPY_PHASE_STRIP = NO;
				DEBUG_INFORMATION_FORMAT = dwarf;
				ENABLE_STRICT_OBJC_MSGSEND = YES;
				ENABLE_TESTABILITY = YES;
				GCC_C_LANGUAGE_STANDARD = gnu11;
				GCC_DYNAMIC_NO_PIC = NO;
				GCC_NO_COMMON_BLOCKS = YES;
				GCC_OPTIMIZATION_LEVEL = 0;
				GCC_PREPROCESSOR_DEFINITIONS = (
					"DEBUG=1",
					"$(inherited)",
				);
				GCC_WARN_64_TO_32_BIT_CONVERSION = YES;
				GCC_WARN_ABOUT_RETURN_TYPE = YES_ERROR;
				GCC_WARN_UNDECLARED_SELECTOR = YES;
				GCC_WARN_UNINITIALIZED_AUTOS = YES_AGGRESSIVE;
				GCC_WARN_UNUSED_FUNCTION = YES;
				GCC_WARN_UNUSED_VARIABLE = YES;
				IPHONEOS_DEPLOYMENT_TARGET = 13.0;
				MTL_ENABLE_DEBUG_INFO = INCLUDE_SOURCE;
				MTL_FAST_MATH = YES;
				ONLY_ACTIVE_ARCH = YES;
				SDKROOT = iphoneos;
				SWIFT_ACTIVE_COMPILATION_CONDITIONS = DEBUG;
				SWIFT_OPTIMIZATION_LEVEL = "-Onone";
			};
			name = Debug;
		};
		972594572361A033005DD368 /* Release */ = {
			isa = XCBuildConfiguration;
			buildSettings = {
				ALWAYS_SEARCH_USER_PATHS = NO;
				CLANG_ANALYZER_NONNULL = YES;
				CLANG_ANALYZER_NUMBER_OBJECT_CONVERSION = YES_AGGRESSIVE;
				CLANG_CXX_LANGUAGE_STANDARD = "gnu++14";
				CLANG_CXX_LIBRARY = "libc++";
				CLANG_ENABLE_MODULES = YES;
				CLANG_ENABLE_OBJC_ARC = YES;
				CLANG_ENABLE_OBJC_WEAK = YES;
				CLANG_WARN_BLOCK_CAPTURE_AUTORELEASING = YES;
				CLANG_WARN_BOOL_CONVERSION = YES;
				CLANG_WARN_COMMA = YES;
				CLANG_WARN_CONSTANT_CONVERSION = YES;
				CLANG_WARN_DEPRECATED_OBJC_IMPLEMENTATIONS = YES;
				CLANG_WARN_DIRECT_OBJC_ISA_USAGE = YES_ERROR;
				CLANG_WARN_DOCUMENTATION_COMMENTS = YES;
				CLANG_WARN_EMPTY_BODY = YES;
				CLANG_WARN_ENUM_CONVERSION = YES;
				CLANG_WARN_INFINITE_RECURSION = YES;
				CLANG_WARN_INT_CONVERSION = YES;
				CLANG_WARN_NON_LITERAL_NULL_CONVERSION = YES;
				CLANG_WARN_OBJC_IMPLICIT_RETAIN_SELF = YES;
				CLANG_WARN_OBJC_LITERAL_CONVERSION = YES;
				CLANG_WARN_OBJC_ROOT_CLASS = YES_ERROR;
				CLANG_WARN_RANGE_LOOP_ANALYSIS = YES;
				CLANG_WARN_STRICT_PROTOTYPES = YES;
				CLANG_WARN_SUSPICIOUS_MOVE = YES;
				CLANG_WARN_UNGUARDED_AVAILABILITY = YES_AGGRESSIVE;
				CLANG_WARN_UNREACHABLE_CODE = YES;
				CLANG_WARN__DUPLICATE_METHOD_MATCH = YES;
				COPY_PHASE_STRIP = NO;
				DEBUG_INFORMATION_FORMAT = "dwarf-with-dsym";
				ENABLE_NS_ASSERTIONS = NO;
				ENABLE_STRICT_OBJC_MSGSEND = YES;
				GCC_C_LANGUAGE_STANDARD = gnu11;
				GCC_NO_COMMON_BLOCKS = YES;
				GCC_WARN_64_TO_32_BIT_CONVERSION = YES;
				GCC_WARN_ABOUT_RETURN_TYPE = YES_ERROR;
				GCC_WARN_UNDECLARED_SELECTOR = YES;
				GCC_WARN_UNINITIALIZED_AUTOS = YES_AGGRESSIVE;
				GCC_WARN_UNUSED_FUNCTION = YES;
				GCC_WARN_UNUSED_VARIABLE = YES;
				IPHONEOS_DEPLOYMENT_TARGET = 13.0;
				MTL_ENABLE_DEBUG_INFO = NO;
				MTL_FAST_MATH = YES;
				SDKROOT = iphoneos;
				SWIFT_COMPILATION_MODE = wholemodule;
				SWIFT_OPTIMIZATION_LEVEL = "-O";
				VALIDATE_PRODUCT = YES;
			};
			name = Release;
		};
		972594592361A033005DD368 /* Debug */ = {
			isa = XCBuildConfiguration;
			buildSettings = {
				ASSETCATALOG_COMPILER_APPICON_NAME = AppIcon;
				CODE_SIGN_STYLE = Automatic;
				INFOPLIST_FILE = "Traffic Light/Info.plist";
				LD_RUNPATH_SEARCH_PATHS = (
					"$(inherited)",
					"@executable_path/Frameworks",
				);
				PRODUCT_BUNDLE_IDENTIFIER = "com.muiz.Traffic-Light";
				PRODUCT_NAME = "$(TARGET_NAME)";
				SWIFT_VERSION = 5.0;
				TARGETED_DEVICE_FAMILY = "1,2";
			};
			name = Debug;
		};
		9725945A2361A033005DD368 /* Release */ = {
			isa = XCBuildConfiguration;
			buildSettings = {
				ASSETCATALOG_COMPILER_APPICON_NAME = AppIcon;
				CODE_SIGN_STYLE = Automatic;
				INFOPLIST_FILE = "Traffic Light/Info.plist";
				LD_RUNPATH_SEARCH_PATHS = (
					"$(inherited)",
					"@executable_path/Frameworks",
				);
				PRODUCT_BUNDLE_IDENTIFIER = "com.muiz.Traffic-Light";
				PRODUCT_NAME = "$(TARGET_NAME)";
				SWIFT_VERSION = 5.0;
				TARGETED_DEVICE_FAMILY = "1,2";
			};
			name = Release;
		};
		9725945C2361A033005DD368 /* Debug */ = {
			isa = XCBuildConfiguration;
			buildSettings = {
				ALWAYS_EMBED_SWIFT_STANDARD_LIBRARIES = YES;
				BUNDLE_LOADER = "$(TEST_HOST)";
				CODE_SIGN_STYLE = Automatic;
				INFOPLIST_FILE = "Traffic LightTests/Info.plist";
				IPHONEOS_DEPLOYMENT_TARGET = 13.0;
				LD_RUNPATH_SEARCH_PATHS = (
					"$(inherited)",
					"@executable_path/Frameworks",
					"@loader_path/Frameworks",
				);
				PRODUCT_BUNDLE_IDENTIFIER = "com.muiz.Traffic-LightTests";
				PRODUCT_NAME = "$(TARGET_NAME)";
				SWIFT_VERSION = 5.0;
				TARGETED_DEVICE_FAMILY = "1,2";
				TEST_HOST = "$(BUILT_PRODUCTS_DIR)/Traffic Light.app/Traffic Light";
			};
			name = Debug;
		};
		9725945D2361A033005DD368 /* Release */ = {
			isa = XCBuildConfiguration;
			buildSettings = {
				ALWAYS_EMBED_SWIFT_STANDARD_LIBRARIES = YES;
				BUNDLE_LOADER = "$(TEST_HOST)";
				CODE_SIGN_STYLE = Automatic;
				INFOPLIST_FILE = "Traffic LightTests/Info.plist";
				IPHONEOS_DEPLOYMENT_TARGET = 13.0;
				LD_RUNPATH_SEARCH_PATHS = (
					"$(inherited)",
					"@executable_path/Frameworks",
					"@loader_path/Frameworks",
				);
				PRODUCT_BUNDLE_IDENTIFIER = "com.muiz.Traffic-LightTests";
				PRODUCT_NAME = "$(TARGET_NAME)";
				SWIFT_VERSION = 5.0;
				TARGETED_DEVICE_FAMILY = "1,2";
				TEST_HOST = "$(BUILT_PRODUCTS_DIR)/Traffic Light.app/Traffic Light";
			};
			name = Release;
		};
		9725945F2361A033005DD368 /* Debug */ = {
			isa = XCBuildConfiguration;
			buildSettings = {
				ALWAYS_EMBED_SWIFT_STANDARD_LIBRARIES = YES;
				CODE_SIGN_STYLE = Automatic;
				INFOPLIST_FILE = "Traffic LightUITests/Info.plist";
				LD_RUNPATH_SEARCH_PATHS = (
					"$(inherited)",
					"@executable_path/Frameworks",
					"@loader_path/Frameworks",
				);
				PRODUCT_BUNDLE_IDENTIFIER = "com.muiz.Traffic-LightUITests";
				PRODUCT_NAME = "$(TARGET_NAME)";
				SWIFT_VERSION = 5.0;
				TARGETED_DEVICE_FAMILY = "1,2";
				TEST_TARGET_NAME = "Traffic Light";
			};
			name = Debug;
		};
		972594602361A033005DD368 /* Release */ = {
			isa = XCBuildConfiguration;
			buildSettings = {
				ALWAYS_EMBED_SWIFT_STANDARD_LIBRARIES = YES;
				CODE_SIGN_STYLE = Automatic;
				INFOPLIST_FILE = "Traffic LightUITests/Info.plist";
				LD_RUNPATH_SEARCH_PATHS = (
					"$(inherited)",
					"@executable_path/Frameworks",
					"@loader_path/Frameworks",
				);
				PRODUCT_BUNDLE_IDENTIFIER = "com.muiz.Traffic-LightUITests";
				PRODUCT_NAME = "$(TARGET_NAME)";
				SWIFT_VERSION = 5.0;
				TARGETED_DEVICE_FAMILY = "1,2";
				TEST_TARGET_NAME = "Traffic Light";
			};
			name = Release;
		};
/* End XCBuildConfiguration section */

/* Begin XCConfigurationList section */
		972594292361A01C005DD368 /* Build configuration list for PBXProject "Traffic Light" */ = {
			isa = XCConfigurationList;
			buildConfigurations = (
				972594562361A033005DD368 /* Debug */,
				972594572361A033005DD368 /* Release */,
			);
			defaultConfigurationIsVisible = 0;
			defaultConfigurationName = Release;
		};
		972594582361A033005DD368 /* Build configuration list for PBXNativeTarget "Traffic Light" */ = {
			isa = XCConfigurationList;
			buildConfigurations = (
				972594592361A033005DD368 /* Debug */,
				9725945A2361A033005DD368 /* Release */,
			);
			defaultConfigurationIsVisible = 0;
			defaultConfigurationName = Release;
		};
		9725945B2361A033005DD368 /* Build configuration list for PBXNativeTarget "Traffic LightTests" */ = {
			isa = XCConfigurationList;
			buildConfigurations = (
				9725945C2361A033005DD368 /* Debug */,
				9725945D2361A033005DD368 /* Release */,
			);
			defaultConfigurationIsVisible = 0;
			defaultConfigurationName = Release;
		};
		9725945E2361A033005DD368 /* Build configuration list for PBXNativeTarget "Traffic LightUITests" */ = {
			isa = XCConfigurationList;
			buildConfigurations = (
				9725945F2361A033005DD368 /* Debug */,
				972594602361A033005DD368 /* Release */,
			);
			defaultConfigurationIsVisible = 0;
			defaultConfigurationName = Release;
		};
/* End XCConfigurationList section */
	};
	rootObject = 972594262361A01C005DD368 /* Project object */;
}
